// !$*UTF8*$!
{
	archiveVersion = 1;
	classes = {
	};
	objectVersion = 56;
	objects = {

/* Begin PBXBuildFile section */
		FB73A8B22BA965190003F006 /* HomePageObjcFunctions.swift in Sources */ = {isa = PBXBuildFile; fileRef = FB73A8B12BA965190003F006 /* HomePageObjcFunctions.swift */; };
		FB7C13312BAD50BB00E44CF0 /* ObjectsFactory.swift in Sources */ = {isa = PBXBuildFile; fileRef = FB7C13302BAD50BB00E44CF0 /* ObjectsFactory.swift */; };
		FBA7CF7E2BA816EC00B139DE /* Then in Frameworks */ = {isa = PBXBuildFile; productRef = FBA7CF7D2BA816EC00B139DE /* Then */; };
		FBB52F9F2B9ED169004816BC /* AppDelegate.swift in Sources */ = {isa = PBXBuildFile; fileRef = FBB52F9E2B9ED169004816BC /* AppDelegate.swift */; };
		FBB52FA12B9ED169004816BC /* SceneDelegate.swift in Sources */ = {isa = PBXBuildFile; fileRef = FBB52FA02B9ED169004816BC /* SceneDelegate.swift */; };
		FBB52FA32B9ED169004816BC /* HomePageViewController.swift in Sources */ = {isa = PBXBuildFile; fileRef = FBB52FA22B9ED169004816BC /* HomePageViewController.swift */; };
		FBB52FA62B9ED169004816BC /* Main.storyboard in Resources */ = {isa = PBXBuildFile; fileRef = FBB52FA42B9ED169004816BC /* Main.storyboard */; };
		FBB52FA82B9ED16A004816BC /* Assets.xcassets in Resources */ = {isa = PBXBuildFile; fileRef = FBB52FA72B9ED16A004816BC /* Assets.xcassets */; };
		FBB52FAB2B9ED16A004816BC /* LaunchScreen.storyboard in Resources */ = {isa = PBXBuildFile; fileRef = FBB52FA92B9ED16A004816BC /* LaunchScreen.storyboard */; };
		FBB52FB42B9ED183004816BC /* SnapKit in Frameworks */ = {isa = PBXBuildFile; productRef = FBB52FB32B9ED183004816BC /* SnapKit */; };
		FBB52FB82B9ED1C3004816BC /* HeaderView.swift in Sources */ = {isa = PBXBuildFile; fileRef = FBB52FB72B9ED1C3004816BC /* HeaderView.swift */; };
		FBB52FBC2B9F3E2B004816BC /* TabBarView.swift in Sources */ = {isa = PBXBuildFile; fileRef = FBB52FBB2B9F3E2B004816BC /* TabBarView.swift */; };
		FBF4496C2BAC042600C1B9A9 /* PartialView.swift in Sources */ = {isa = PBXBuildFile; fileRef = FBF4496B2BAC042600C1B9A9 /* PartialView.swift */; };
/* End PBXBuildFile section */

/* Begin PBXFileReference section */
		FB73A8B12BA965190003F006 /* HomePageObjcFunctions.swift */ = {isa = PBXFileReference; lastKnownFileType = sourcecode.swift; path = HomePageObjcFunctions.swift; sourceTree = "<group>"; };
		FB7C13302BAD50BB00E44CF0 /* ObjectsFactory.swift */ = {isa = PBXFileReference; lastKnownFileType = sourcecode.swift; path = ObjectsFactory.swift; sourceTree = "<group>"; };
		FBB52F9B2B9ED169004816BC /* snpkt_ttr.app */ = {isa = PBXFileReference; explicitFileType = wrapper.application; includeInIndex = 0; path = snpkt_ttr.app; sourceTree = BUILT_PRODUCTS_DIR; };
		FBB52F9E2B9ED169004816BC /* AppDelegate.swift */ = {isa = PBXFileReference; lastKnownFileType = sourcecode.swift; path = AppDelegate.swift; sourceTree = "<group>"; };
		FBB52FA02B9ED169004816BC /* SceneDelegate.swift */ = {isa = PBXFileReference; lastKnownFileType = sourcecode.swift; path = SceneDelegate.swift; sourceTree = "<group>"; };
		FBB52FA22B9ED169004816BC /* HomePageViewController.swift */ = {isa = PBXFileReference; lastKnownFileType = sourcecode.swift; path = HomePageViewController.swift; sourceTree = "<group>"; };
		FBB52FA52B9ED169004816BC /* Base */ = {isa = PBXFileReference; lastKnownFileType = file.storyboard; name = Base; path = Base.lproj/Main.storyboard; sourceTree = "<group>"; };
		FBB52FA72B9ED16A004816BC /* Assets.xcassets */ = {isa = PBXFileReference; lastKnownFileType = folder.assetcatalog; path = Assets.xcassets; sourceTree = "<group>"; };
		FBB52FAA2B9ED16A004816BC /* Base */ = {isa = PBXFileReference; lastKnownFileType = file.storyboard; name = Base; path = Base.lproj/LaunchScreen.storyboard; sourceTree = "<group>"; };
		FBB52FAC2B9ED16A004816BC /* Info.plist */ = {isa = PBXFileReference; lastKnownFileType = text.plist.xml; path = Info.plist; sourceTree = "<group>"; };
		FBB52FB72B9ED1C3004816BC /* HeaderView.swift */ = {isa = PBXFileReference; lastKnownFileType = sourcecode.swift; path = HeaderView.swift; sourceTree = "<group>"; };
		FBB52FBB2B9F3E2B004816BC /* TabBarView.swift */ = {isa = PBXFileReference; lastKnownFileType = sourcecode.swift; path = TabBarView.swift; sourceTree = "<group>"; };
		FBF4496B2BAC042600C1B9A9 /* PartialView.swift */ = {isa = PBXFileReference; lastKnownFileType = sourcecode.swift; path = PartialView.swift; sourceTree = "<group>"; };
/* End PBXFileReference section */

/* Begin PBXFrameworksBuildPhase section */
		FBB52F982B9ED169004816BC /* Frameworks */ = {
			isa = PBXFrameworksBuildPhase;
			buildActionMask = 2147483647;
			files = (
				FBB52FB42B9ED183004816BC /* SnapKit in Frameworks */,
				FBA7CF7E2BA816EC00B139DE /* Then in Frameworks */,
			);
			runOnlyForDeploymentPostprocessing = 0;
		};
/* End PBXFrameworksBuildPhase section */

/* Begin PBXGroup section */
		FB73A8AF2BA964FA0003F006 /* helpers */ = {
			isa = PBXGroup;
			children = (
				FB73A8B02BA965060003F006 /* HomePage */,
			);
			path = helpers;
			sourceTree = "<group>";
		};
		FB73A8B02BA965060003F006 /* HomePage */ = {
			isa = PBXGroup;
			children = (
				FB73A8B12BA965190003F006 /* HomePageObjcFunctions.swift */,
			);
			path = HomePage;
			sourceTree = "<group>";
		};
		FB7C132F2BAD50A700E44CF0 /* utilities */ = {
			isa = PBXGroup;
			children = (
				FB7C13302BAD50BB00E44CF0 /* ObjectsFactory.swift */,
			);
			path = utilities;
			sourceTree = "<group>";
		};
		FBB52F922B9ED169004816BC = {
			isa = PBXGroup;
			children = (
				FBB52F9D2B9ED169004816BC /* snpkt_ttr */,
				FBB52F9C2B9ED169004816BC /* Products */,
			);
			sourceTree = "<group>";
		};
		FBB52F9C2B9ED169004816BC /* Products */ = {
			isa = PBXGroup;
			children = (
				FBB52F9B2B9ED169004816BC /* snpkt_ttr.app */,
			);
			name = Products;
			sourceTree = "<group>";
		};
		FBB52F9D2B9ED169004816BC /* snpkt_ttr */ = {
			isa = PBXGroup;
			children = (
				FB7C132F2BAD50A700E44CF0 /* utilities */,
				FB73A8AF2BA964FA0003F006 /* helpers */,
				FBB52FB52B9ED1A9004816BC /* components */,
				FBB52F9E2B9ED169004816BC /* AppDelegate.swift */,
				FBB52FA02B9ED169004816BC /* SceneDelegate.swift */,
				FBB52FA22B9ED169004816BC /* HomePageViewController.swift */,
				FBB52FA42B9ED169004816BC /* Main.storyboard */,
				FBB52FA72B9ED16A004816BC /* Assets.xcassets */,
				FBB52FA92B9ED16A004816BC /* LaunchScreen.storyboard */,
				FBB52FAC2B9ED16A004816BC /* Info.plist */,
			);
			path = snpkt_ttr;
			sourceTree = "<group>";
		};
		FBB52FB52B9ED1A9004816BC /* components */ = {
			isa = PBXGroup;
			children = (
				FBB52FB62B9ED1B2004816BC /* homePageViewComponents */,
			);
			path = components;
			sourceTree = "<group>";
		};
		FBB52FB62B9ED1B2004816BC /* homePageViewComponents */ = {
			isa = PBXGroup;
			children = (
				FBB52FB72B9ED1C3004816BC /* HeaderView.swift */,
				FBB52FBB2B9F3E2B004816BC /* TabBarView.swift */,
				FBF4496B2BAC042600C1B9A9 /* PartialView.swift */,
			);
			path = homePageViewComponents;
			sourceTree = "<group>";
		};
/* End PBXGroup section */

/* Begin PBXNativeTarget section */
		FBB52F9A2B9ED169004816BC /* snpkt_ttr */ = {
			isa = PBXNativeTarget;
			buildConfigurationList = FBB52FAF2B9ED16A004816BC /* Build configuration list for PBXNativeTarget "snpkt_ttr" */;
			buildPhases = (
				FBB52F972B9ED169004816BC /* Sources */,
				FBB52F982B9ED169004816BC /* Frameworks */,
				FBB52F992B9ED169004816BC /* Resources */,
			);
			buildRules = (
			);
			dependencies = (
			);
			name = snpkt_ttr;
			packageProductDependencies = (
				FBB52FB32B9ED183004816BC /* SnapKit */,
				FBA7CF7D2BA816EC00B139DE /* Then */,
			);
			productName = snpkt_ttr;
			productReference = FBB52F9B2B9ED169004816BC /* snpkt_ttr.app */;
			productType = "com.apple.product-type.application";
		};
/* End PBXNativeTarget section */

/* Begin PBXProject section */
		FBB52F932B9ED169004816BC /* Project object */ = {
			isa = PBXProject;
			attributes = {
				BuildIndependentTargetsInParallel = 1;
				LastSwiftUpdateCheck = 1520;
				LastUpgradeCheck = 1520;
				TargetAttributes = {
					FBB52F9A2B9ED169004816BC = {
						CreatedOnToolsVersion = 15.2;
					};
				};
			};
			buildConfigurationList = FBB52F962B9ED169004816BC /* Build configuration list for PBXProject "snpkt_ttr" */;
			compatibilityVersion = "Xcode 14.0";
			developmentRegion = en;
			hasScannedForEncodings = 0;
			knownRegions = (
				en,
				Base,
			);
			mainGroup = FBB52F922B9ED169004816BC;
			packageReferences = (
				FBB52FB22B9ED183004816BC /* XCRemoteSwiftPackageReference "SnapKit" */,
				FBA7CF7C2BA816EC00B139DE /* XCRemoteSwiftPackageReference "Then" */,
			);
			productRefGroup = FBB52F9C2B9ED169004816BC /* Products */;
			projectDirPath = "";
			projectRoot = "";
			targets = (
				FBB52F9A2B9ED169004816BC /* snpkt_ttr */,
			);
		};
/* End PBXProject section */

/* Begin PBXResourcesBuildPhase section */
		FBB52F992B9ED169004816BC /* Resources */ = {
			isa = PBXResourcesBuildPhase;
			buildActionMask = 2147483647;
			files = (
				FBB52FAB2B9ED16A004816BC /* LaunchScreen.storyboard in Resources */,
				FBB52FA82B9ED16A004816BC /* Assets.xcassets in Resources */,
				FBB52FA62B9ED169004816BC /* Main.storyboard in Resources */,
			);
			runOnlyForDeploymentPostprocessing = 0;
		};
/* End PBXResourcesBuildPhase section */

/* Begin PBXSourcesBuildPhase section */
		FBB52F972B9ED169004816BC /* Sources */ = {
			isa = PBXSourcesBuildPhase;
			buildActionMask = 2147483647;
			files = (
				FBB52FA32B9ED169004816BC /* HomePageViewController.swift in Sources */,
				FB7C13312BAD50BB00E44CF0 /* ObjectsFactory.swift in Sources */,
				FBB52F9F2B9ED169004816BC /* AppDelegate.swift in Sources */,
				FBB52FA12B9ED169004816BC /* SceneDelegate.swift in Sources */,
				FBF4496C2BAC042600C1B9A9 /* PartialView.swift in Sources */,
				FBB52FBC2B9F3E2B004816BC /* TabBarView.swift in Sources */,
				FBB52FB82B9ED1C3004816BC /* HeaderView.swift in Sources */,
				FB73A8B22BA965190003F006 /* HomePageObjcFunctions.swift in Sources */,
			);
			runOnlyForDeploymentPostprocessing = 0;
		};
/* End PBXSourcesBuildPhase section */

/* Begin PBXVariantGroup section */
		FBB52FA42B9ED169004816BC /* Main.storyboard */ = {
			isa = PBXVariantGroup;
			children = (
				FBB52FA52B9ED169004816BC /* Base */,
			);
			name = Main.storyboard;
			sourceTree = "<group>";
		};
		FBB52FA92B9ED16A004816BC /* LaunchScreen.storyboard */ = {
			isa = PBXVariantGroup;
			children = (
				FBB52FAA2B9ED16A004816BC /* Base */,
			);
			name = LaunchScreen.storyboard;
			sourceTree = "<group>";
		};
/* End PBXVariantGroup section */

/* Begin XCBuildConfiguration section */
		FBB52FAD2B9ED16A004816BC /* Debug */ = {
			isa = XCBuildConfiguration;
			buildSettings = {
				ALWAYS_SEARCH_USER_PATHS = NO;
				ASSETCATALOG_COMPILER_GENERATE_SWIFT_ASSET_SYMBOL_EXTENSIONS = YES;
				CLANG_ANALYZER_NONNULL = YES;
				CLANG_ANALYZER_NUMBER_OBJECT_CONVERSION = YES_AGGRESSIVE;
				CLANG_CXX_LANGUAGE_STANDARD = "gnu++20";
				CLANG_ENABLE_MODULES = YES;
				CLANG_ENABLE_OBJC_ARC = YES;
				CLANG_ENABLE_OBJC_WEAK = YES;
				CLANG_WARN_BLOCK_CAPTURE_AUTORELEASING = YES;
				CLANG_WARN_BOOL_CONVERSION = YES;
				CLANG_WARN_COMMA = YES;
				CLANG_WARN_CONSTANT_CONVERSION = YES;
				CLANG_WARN_DEPRECATED_OBJC_IMPLEMENTATIONS = YES;
				CLANG_WARN_DIRECT_OBJC_ISA_USAGE = YES_ERROR;
				CLANG_WARN_DOCUMENTATION_COMMENTS = YES;
				CLANG_WARN_EMPTY_BODY = YES;
				CLANG_WARN_ENUM_CONVERSION = YES;
				CLANG_WARN_INFINITE_RECURSION = YES;
				CLANG_WARN_INT_CONVERSION = YES;
				CLANG_WARN_NON_LITERAL_NULL_CONVERSION = YES;
				CLANG_WARN_OBJC_IMPLICIT_RETAIN_SELF = YES;
				CLANG_WARN_OBJC_LITERAL_CONVERSION = YES;
				CLANG_WARN_OBJC_ROOT_CLASS = YES_ERROR;
				CLANG_WARN_QUOTED_INCLUDE_IN_FRAMEWORK_HEADER = YES;
				CLANG_WARN_RANGE_LOOP_ANALYSIS = YES;
				CLANG_WARN_STRICT_PROTOTYPES = YES;
				CLANG_WARN_SUSPICIOUS_MOVE = YES;
				CLANG_WARN_UNGUARDED_AVAILABILITY = YES_AGGRESSIVE;
				CLANG_WARN_UNREACHABLE_CODE = YES;
				CLANG_WARN__DUPLICATE_METHOD_MATCH = YES;
				COPY_PHASE_STRIP = NO;
				DEBUG_INFORMATION_FORMAT = dwarf;
				ENABLE_STRICT_OBJC_MSGSEND = YES;
				ENABLE_TESTABILITY = YES;
				ENABLE_USER_SCRIPT_SANDBOXING = YES;
				GCC_C_LANGUAGE_STANDARD = gnu17;
				GCC_DYNAMIC_NO_PIC = NO;
				GCC_NO_COMMON_BLOCKS = YES;
				GCC_OPTIMIZATION_LEVEL = 0;
				GCC_PREPROCESSOR_DEFINITIONS = (
					"DEBUG=1",
					"$(inherited)",
				);
				GCC_WARN_64_TO_32_BIT_CONVERSION = YES;
				GCC_WARN_ABOUT_RETURN_TYPE = YES_ERROR;
				GCC_WARN_UNDECLARED_SELECTOR = YES;
				GCC_WARN_UNINITIALIZED_AUTOS = YES_AGGRESSIVE;
				GCC_WARN_UNUSED_FUNCTION = YES;
				GCC_WARN_UNUSED_VARIABLE = YES;
				IPHONEOS_DEPLOYMENT_TARGET = 17.2;
				LOCALIZATION_PREFERS_STRING_CATALOGS = YES;
				MTL_ENABLE_DEBUG_INFO = INCLUDE_SOURCE;
				MTL_FAST_MATH = YES;
				ONLY_ACTIVE_ARCH = YES;
				SDKROOT = iphoneos;
				SWIFT_ACTIVE_COMPILATION_CONDITIONS = "DEBUG $(inherited)";
				SWIFT_OPTIMIZATION_LEVEL = "-Onone";
			};
			name = Debug;
		};
		FBB52FAE2B9ED16A004816BC /* Release */ = {
			isa = XCBuildConfiguration;
			buildSettings = {
				ALWAYS_SEARCH_USER_PATHS = NO;
				ASSETCATALOG_COMPILER_GENERATE_SWIFT_ASSET_SYMBOL_EXTENSIONS = YES;
				CLANG_ANALYZER_NONNULL = YES;
				CLANG_ANALYZER_NUMBER_OBJECT_CONVERSION = YES_AGGRESSIVE;
				CLANG_CXX_LANGUAGE_STANDARD = "gnu++20";
				CLANG_ENABLE_MODULES = YES;
				CLANG_ENABLE_OBJC_ARC = YES;
				CLANG_ENABLE_OBJC_WEAK = YES;
				CLANG_WARN_BLOCK_CAPTURE_AUTORELEASING = YES;
				CLANG_WARN_BOOL_CONVERSION = YES;
				CLANG_WARN_COMMA = YES;
				CLANG_WARN_CONSTANT_CONVERSION = YES;
				CLANG_WARN_DEPRECATED_OBJC_IMPLEMENTATIONS = YES;
				CLANG_WARN_DIRECT_OBJC_ISA_USAGE = YES_ERROR;
				CLANG_WARN_DOCUMENTATION_COMMENTS = YES;
				CLANG_WARN_EMPTY_BODY = YES;
				CLANG_WARN_ENUM_CONVERSION = YES;
				CLANG_WARN_INFINITE_RECURSION = YES;
				CLANG_WARN_INT_CONVERSION = YES;
				CLANG_WARN_NON_LITERAL_NULL_CONVERSION = YES;
				CLANG_WARN_OBJC_IMPLICIT_RETAIN_SELF = YES;
				CLANG_WARN_OBJC_LITERAL_CONVERSION = YES;
				CLANG_WARN_OBJC_ROOT_CLASS = YES_ERROR;
				CLANG_WARN_QUOTED_INCLUDE_IN_FRAMEWORK_HEADER = YES;
				CLANG_WARN_RANGE_LOOP_ANALYSIS = YES;
				CLANG_WARN_STRICT_PROTOTYPES = YES;
				CLANG_WARN_SUSPICIOUS_MOVE = YES;
				CLANG_WARN_UNGUARDED_AVAILABILITY = YES_AGGRESSIVE;
				CLANG_WARN_UNREACHABLE_CODE = YES;
				CLANG_WARN__DUPLICATE_METHOD_MATCH = YES;
				COPY_PHASE_STRIP = NO;
				DEBUG_INFORMATION_FORMAT = "dwarf-with-dsym";
				ENABLE_NS_ASSERTIONS = NO;
				ENABLE_STRICT_OBJC_MSGSEND = YES;
				ENABLE_USER_SCRIPT_SANDBOXING = YES;
				GCC_C_LANGUAGE_STANDARD = gnu17;
				GCC_NO_COMMON_BLOCKS = YES;
				GCC_WARN_64_TO_32_BIT_CONVERSION = YES;
				GCC_WARN_ABOUT_RETURN_TYPE = YES_ERROR;
				GCC_WARN_UNDECLARED_SELECTOR = YES;
				GCC_WARN_UNINITIALIZED_AUTOS = YES_AGGRESSIVE;
				GCC_WARN_UNUSED_FUNCTION = YES;
				GCC_WARN_UNUSED_VARIABLE = YES;
				IPHONEOS_DEPLOYMENT_TARGET = 17.2;
				LOCALIZATION_PREFERS_STRING_CATALOGS = YES;
				MTL_ENABLE_DEBUG_INFO = NO;
				MTL_FAST_MATH = YES;
				SDKROOT = iphoneos;
				SWIFT_COMPILATION_MODE = wholemodule;
				VALIDATE_PRODUCT = YES;
			};
			name = Release;
		};
		FBB52FB02B9ED16A004816BC /* Debug */ = {
			isa = XCBuildConfiguration;
			buildSettings = {
				ASSETCATALOG_COMPILER_APPICON_NAME = AppIcon;
				ASSETCATALOG_COMPILER_GLOBAL_ACCENT_COLOR_NAME = AccentColor;
				CODE_SIGN_STYLE = Automatic;
				CURRENT_PROJECT_VERSION = 1;
				DEVELOPMENT_TEAM = UKSYRU99Z6;
				GENERATE_INFOPLIST_FILE = YES;
				INFOPLIST_FILE = snpkt_ttr/Info.plist;
				INFOPLIST_KEY_UIApplicationSupportsIndirectInputEvents = YES;
				INFOPLIST_KEY_UILaunchStoryboardName = LaunchScreen;
				INFOPLIST_KEY_UIMainStoryboardFile = Main;
				INFOPLIST_KEY_UISupportedInterfaceOrientations_iPad = "UIInterfaceOrientationPortrait UIInterfaceOrientationPortraitUpsideDown UIInterfaceOrientationLandscapeLeft UIInterfaceOrientationLandscapeRight";
				INFOPLIST_KEY_UISupportedInterfaceOrientations_iPhone = "UIInterfaceOrientationPortrait UIInterfaceOrientationLandscapeLeft UIInterfaceOrientationLandscapeRight";
				IPHONEOS_DEPLOYMENT_TARGET = 13.0;
				LD_RUNPATH_SEARCH_PATHS = (
					"$(inherited)",
					"@executable_path/Frameworks",
				);
				MARKETING_VERSION = 1.0;
				PRODUCT_BUNDLE_IDENTIFIER = "com.omer.snpkt-ttr";
				PRODUCT_NAME = "$(TARGET_NAME)";
				SWIFT_EMIT_LOC_STRINGS = YES;
				SWIFT_VERSION = 5.0;
				TARGETED_DEVICE_FAMILY = "1,2";
			};
			name = Debug;
		};
		FBB52FB12B9ED16A004816BC /* Release */ = {
			isa = XCBuildConfiguration;
			buildSettings = {
				ASSETCATALOG_COMPILER_APPICON_NAME = AppIcon;
				ASSETCATALOG_COMPILER_GLOBAL_ACCENT_COLOR_NAME = AccentColor;
				CODE_SIGN_STYLE = Automatic;
				CURRENT_PROJECT_VERSION = 1;
				DEVELOPMENT_TEAM = UKSYRU99Z6;
				GENERATE_INFOPLIST_FILE = YES;
				INFOPLIST_FILE = snpkt_ttr/Info.plist;
				INFOPLIST_KEY_UIApplicationSupportsIndirectInputEvents = YES;
				INFOPLIST_KEY_UILaunchStoryboardName = LaunchScreen;
				INFOPLIST_KEY_UIMainStoryboardFile = Main;
				INFOPLIST_KEY_UISupportedInterfaceOrientations_iPad = "UIInterfaceOrientationPortrait UIInterfaceOrientationPortraitUpsideDown UIInterfaceOrientationLandscapeLeft UIInterfaceOrientationLandscapeRight";
				INFOPLIST_KEY_UISupportedInterfaceOrientations_iPhone = "UIInterfaceOrientationPortrait UIInterfaceOrientationLandscapeLeft UIInterfaceOrientationLandscapeRight";
				IPHONEOS_DEPLOYMENT_TARGET = 13.0;
				LD_RUNPATH_SEARCH_PATHS = (
					"$(inherited)",
					"@executable_path/Frameworks",
				);
				MARKETING_VERSION = 1.0;
				PRODUCT_BUNDLE_IDENTIFIER = "com.omer.snpkt-ttr";
				PRODUCT_NAME = "$(TARGET_NAME)";
				SWIFT_EMIT_LOC_STRINGS = YES;
				SWIFT_VERSION = 5.0;
				TARGETED_DEVICE_FAMILY = "1,2";
			};
			name = Release;
		};
/* End XCBuildConfiguration section */

/* Begin XCConfigurationList section */
		FBB52F962B9ED169004816BC /* Build configuration list for PBXProject "snpkt_ttr" */ = {
			isa = XCConfigurationList;
			buildConfigurations = (
				FBB52FAD2B9ED16A004816BC /* Debug */,
				FBB52FAE2B9ED16A004816BC /* Release */,
			);
			defaultConfigurationIsVisible = 0;
			defaultConfigurationName = Release;
		};
		FBB52FAF2B9ED16A004816BC /* Build configuration list for PBXNativeTarget "snpkt_ttr" */ = {
			isa = XCConfigurationList;
			buildConfigurations = (
				FBB52FB02B9ED16A004816BC /* Debug */,
				FBB52FB12B9ED16A004816BC /* Release */,
			);
			defaultConfigurationIsVisible = 0;
			defaultConfigurationName = Release;
		};
/* End XCConfigurationList section */

/* Begin XCRemoteSwiftPackageReference section */
		FBA7CF7C2BA816EC00B139DE /* XCRemoteSwiftPackageReference "Then" */ = {
			isa = XCRemoteSwiftPackageReference;
			repositoryURL = "https://github.com/devxoul/Then";
			requirement = {
				kind = upToNextMajorVersion;
				minimumVersion = 3.0.0;
			};
		};
		FBB52FB22B9ED183004816BC /* XCRemoteSwiftPackageReference "SnapKit" */ = {
			isa = XCRemoteSwiftPackageReference;
			repositoryURL = "https://github.com/SnapKit/SnapKit.git";
			requirement = {
				kind = upToNextMajorVersion;
				minimumVersion = 5.7.1;
			};
		};
/* End XCRemoteSwiftPackageReference section */

/* Begin XCSwiftPackageProductDependency section */
		FBA7CF7D2BA816EC00B139DE /* Then */ = {
			isa = XCSwiftPackageProductDependency;
			package = FBA7CF7C2BA816EC00B139DE /* XCRemoteSwiftPackageReference "Then" */;
			productName = Then;
		};
		FBB52FB32B9ED183004816BC /* SnapKit */ = {
			isa = XCSwiftPackageProductDependency;
			package = FBB52FB22B9ED183004816BC /* XCRemoteSwiftPackageReference "SnapKit" */;
			productName = SnapKit;
		};
/* End XCSwiftPackageProductDependency section */
	};
	rootObject = FBB52F932B9ED169004816BC /* Project object */;
}
